
Microsoft Visual Studio Solution File, Format Version 12.00
# Visual Studio 15
VisualStudioVersion = 15.0.26730.10
MinimumVisualStudioVersion = 10.0.40219.1
Project("{FAE04EC0-301F-11D3-BF4B-00C04F79EFBC}") = "AvMobile", "AvMobile\AvMobile.csproj", "{018F91BA-3D81-495F-88AA-D558D8A7949E}"
EndProject
Project("{FAE04EC0-301F-11D3-BF4B-00C04F79EFBC}") = "Modelo", "Modelo\Modelo.csproj", "{3CF588AA-D271-4E0B-A4FA-142B257ACD78}"
EndProject
Project("{FAE04EC0-301F-11D3-BF4B-00C04F79EFBC}") = "Persistencia", "ClassLibrary1\Persistencia.csproj", "{D11EDEB6-83F4-451A-B7D8-0E5D296F81FB}"
EndProject
Project("{FAE04EC0-301F-11D3-BF4B-00C04F79EFBC}") = "Servico", "Servico\Servico.csproj", "{95268ADF-3471-40A0-AC8D-7C47829F2CEB}"
EndProject
Global
	GlobalSection(SolutionConfigurationPlatforms) = preSolution
		Debug|Any CPU = Debug|Any CPU
		Release|Any CPU = Release|Any CPU
	EndGlobalSection
	GlobalSection(ProjectConfigurationPlatforms) = postSolution
		{018F91BA-3D81-495F-88AA-D558D8A7949E}.Debug|Any CPU.ActiveCfg = Debug|Any CPU
		{018F91BA-3D81-495F-88AA-D558D8A7949E}.Debug|Any CPU.Build.0 = Debug|Any CPU
		{018F91BA-3D81-495F-88AA-D558D8A7949E}.Release|Any CPU.ActiveCfg = Release|Any CPU
		{018F91BA-3D81-495F-88AA-D558D8A7949E}.Release|Any CPU.Build.0 = Release|Any CPU
		{3CF588AA-D271-4E0B-A4FA-142B257ACD78}.Debug|Any CPU.ActiveCfg = Debug|Any CPU
		{3CF588AA-D271-4E0B-A4FA-142B257ACD78}.Debug|Any CPU.Build.0 = Debug|Any CPU
		{3CF588AA-D271-4E0B-A4FA-142B257ACD78}.Release|Any CPU.ActiveCfg = Release|Any CPU
		{3CF588AA-D271-4E0B-A4FA-142B257ACD78}.Release|Any CPU.Build.0 = Release|Any CPU
		{D11EDEB6-83F4-451A-B7D8-0E5D296F81FB}.Debug|Any CPU.ActiveCfg = Debug|Any CPU
		{D11EDEB6-83F4-451A-B7D8-0E5D296F81FB}.Debug|Any CPU.Build.0 = Debug|Any CPU
		{D11EDEB6-83F4-451A-B7D8-0E5D296F81FB}.Release|Any CPU.ActiveCfg = Release|Any CPU
		{D11EDEB6-83F4-451A-B7D8-0E5D296F81FB}.Release|Any CPU.Build.0 = Release|Any CPU
		{95268ADF-3471-40A0-AC8D-7C47829F2CEB}.Debug|Any CPU.ActiveCfg = Debug|Any CPU
		{95268ADF-3471-40A0-AC8D-7C47829F2CEB}.Debug|Any CPU.Build.0 = Debug|Any CPU
		{95268ADF-3471-40A0-AC8D-7C47829F2CEB}.Release|Any CPU.ActiveCfg = Release|Any CPU
		{95268ADF-3471-40A0-AC8D-7C47829F2CEB}.Release|Any CPU.Build.0 = Release|Any CPU
	EndGlobalSection
	GlobalSection(SolutionProperties) = preSolution
		HideSolutionNode = FALSE
	EndGlobalSection
	GlobalSection(ExtensibilityGlobals) = postSolution
		SolutionGuid = {11C909A3-6907-4113-8E5F-E25EC17BAD14}
	EndGlobalSection
EndGlobal
